
Microsoft Visual Studio Solution File, Format Version 12.00
# Visual Studio Version 17
VisualStudioVersion = 17.8.34525.116
MinimumVisualStudioVersion = 10.0.40219.1
Project("{8BC9CEB8-8B4A-11D0-8D11-00A0C91BC942}") = "UDP_Broadcasting_Receiver", "UDP_Broadcasting_Receiver\UDP_Broadcasting_Receiver.vcxproj", "{B5ECDF87-9AF0-43CE-B493-C398AD74E7BC}"
EndProject
Global
	GlobalSection(SolutionConfigurationPlatforms) = preSolution
		Debug|x64 = Debug|x64
		Debug|x86 = Debug|x86
		Release|x64 = Release|x64
		Release|x86 = Release|x86
	EndGlobalSection
	GlobalSection(ProjectConfigurationPlatforms) = postSolution
		{B5ECDF87-9AF0-43CE-B493-C398AD74E7BC}.Debug|x64.ActiveCfg = Debug|x64
		{B5ECDF87-9AF0-43CE-B493-C398AD74E7BC}.Debug|x64.Build.0 = Debug|x64
		{B5ECDF87-9AF0-43CE-B493-C398AD74E7BC}.Debug|x86.ActiveCfg = Debug|Win32
		{B5ECDF87-9AF0-43CE-B493-C398AD74E7BC}.Debug|x86.Build.0 = Debug|Win32
		{B5ECDF87-9AF0-43CE-B493-C398AD74E7BC}.Release|x64.ActiveCfg = Release|x64
		{B5ECDF87-9AF0-43CE-B493-C398AD74E7BC}.Release|x64.Build.0 = Release|x64
		{B5ECDF87-9AF0-43CE-B493-C398AD74E7BC}.Release|x86.ActiveCfg = Release|Win32
		{B5ECDF87-9AF0-43CE-B493-C398AD74E7BC}.Release|x86.Build.0 = Release|Win32
	EndGlobalSection
	GlobalSection(SolutionProperties) = preSolution
		HideSolutionNode = FALSE
	EndGlobalSection
	GlobalSection(ExtensibilityGlobals) = postSolution
		SolutionGuid = {CF379F57-4DF1-4D5E-907B-95E1F9C70E9E}
	EndGlobalSection
EndGlobal
