
Microsoft Visual Studio Solution File, Format Version 12.00
# Visual Studio Version 17
VisualStudioVersion = 17.8.34330.188
MinimumVisualStudioVersion = 10.0.40219.1
Project("{8BC9CEB8-8B4A-11D0-8D11-00A0C91BC942}") = "Multiplexing_select_Client", "Multiplexing_select_Client\Multiplexing_select_Client.vcxproj", "{3DF87921-3488-4310-9423-301B26AF6EDB}"
EndProject
Global
	GlobalSection(SolutionConfigurationPlatforms) = preSolution
		Debug|x64 = Debug|x64
		Debug|x86 = Debug|x86
		Release|x64 = Release|x64
		Release|x86 = Release|x86
	EndGlobalSection
	GlobalSection(ProjectConfigurationPlatforms) = postSolution
		{3DF87921-3488-4310-9423-301B26AF6EDB}.Debug|x64.ActiveCfg = Debug|x64
		{3DF87921-3488-4310-9423-301B26AF6EDB}.Debug|x64.Build.0 = Debug|x64
		{3DF87921-3488-4310-9423-301B26AF6EDB}.Debug|x86.ActiveCfg = Debug|Win32
		{3DF87921-3488-4310-9423-301B26AF6EDB}.Debug|x86.Build.0 = Debug|Win32
		{3DF87921-3488-4310-9423-301B26AF6EDB}.Release|x64.ActiveCfg = Release|x64
		{3DF87921-3488-4310-9423-301B26AF6EDB}.Release|x64.Build.0 = Release|x64
		{3DF87921-3488-4310-9423-301B26AF6EDB}.Release|x86.ActiveCfg = Release|Win32
		{3DF87921-3488-4310-9423-301B26AF6EDB}.Release|x86.Build.0 = Release|Win32
	EndGlobalSection
	GlobalSection(SolutionProperties) = preSolution
		HideSolutionNode = FALSE
	EndGlobalSection
	GlobalSection(ExtensibilityGlobals) = postSolution
		SolutionGuid = {7132A486-C6B2-45CB-A469-120B84B7CEDC}
	EndGlobalSection
EndGlobal
